// !$*UTF8*$!
{
	archiveVersion = 1;
	classes = {
	};
	objectVersion = 55;
	objects = {

/* Begin PBXBuildFile section */
		D4A3A5CA27F83B6300A1F70F /* AppDelegate.swift in Sources */ = {isa = PBXBuildFile; fileRef = D4A3A5C927F83B6300A1F70F /* AppDelegate.swift */; };
		D4A3A5CC27F83B6300A1F70F /* SceneDelegate.swift in Sources */ = {isa = PBXBuildFile; fileRef = D4A3A5CB27F83B6300A1F70F /* SceneDelegate.swift */; };
		D4A3A5CE27F83B6300A1F70F /* ViewController.swift in Sources */ = {isa = PBXBuildFile; fileRef = D4A3A5CD27F83B6300A1F70F /* ViewController.swift */; };
		D4A3A5D127F83B6300A1F70F /* Main.storyboard in Resources */ = {isa = PBXBuildFile; fileRef = D4A3A5CF27F83B6300A1F70F /* Main.storyboard */; };
		D4A3A5D327F83B6500A1F70F /* Assets.xcassets in Resources */ = {isa = PBXBuildFile; fileRef = D4A3A5D227F83B6500A1F70F /* Assets.xcassets */; };
		D4A3A5D627F83B6500A1F70F /* LaunchScreen.storyboard in Resources */ = {isa = PBXBuildFile; fileRef = D4A3A5D427F83B6500A1F70F /* LaunchScreen.storyboard */; };
		D4A3A5E727F83D9A00A1F70F /* SecondViewContorller.swift in Sources */ = {isa = PBXBuildFile; fileRef = D4A3A5E627F83D9A00A1F70F /* SecondViewContorller.swift */; };
		D4A3A5E927F83DF700A1F70F /* Storyboard.storyboard in Resources */ = {isa = PBXBuildFile; fileRef = D4A3A5E827F83DF700A1F70F /* Storyboard.storyboard */; };
		D4A3A5F427F8664300A1F70F /* Simpson__Cell.swift in Sources */ = {isa = PBXBuildFile; fileRef = D4A3A5F227F8664300A1F70F /* Simpson__Cell.swift */; };
		D4A3A5F527F8664300A1F70F /* Simpson__Cell.xib in Resources */ = {isa = PBXBuildFile; fileRef = D4A3A5F327F8664300A1F70F /* Simpson__Cell.xib */; };
		D4A3A5F827F904B600A1F70F /* checkViewContoroller.swift in Sources */ = {isa = PBXBuildFile; fileRef = D4A3A5F727F904B600A1F70F /* checkViewContoroller.swift */; };
/* End PBXBuildFile section */

/* Begin PBXFileReference section */
		D4A3A5C627F83B6300A1F70F /* SimpsonBook.app */ = {isa = PBXFileReference; explicitFileType = wrapper.application; includeInIndex = 0; path = SimpsonBook.app; sourceTree = BUILT_PRODUCTS_DIR; };
		D4A3A5C927F83B6300A1F70F /* AppDelegate.swift */ = {isa = PBXFileReference; lastKnownFileType = sourcecode.swift; path = AppDelegate.swift; sourceTree = "<group>"; };
		D4A3A5CB27F83B6300A1F70F /* SceneDelegate.swift */ = {isa = PBXFileReference; lastKnownFileType = sourcecode.swift; path = SceneDelegate.swift; sourceTree = "<group>"; };
		D4A3A5CD27F83B6300A1F70F /* ViewController.swift */ = {isa = PBXFileReference; lastKnownFileType = sourcecode.swift; path = ViewController.swift; sourceTree = "<group>"; };
		D4A3A5D027F83B6300A1F70F /* Base */ = {isa = PBXFileReference; lastKnownFileType = file.storyboard; name = Base; path = Base.lproj/Main.storyboard; sourceTree = "<group>"; };
		D4A3A5D227F83B6500A1F70F /* Assets.xcassets */ = {isa = PBXFileReference; lastKnownFileType = folder.assetcatalog; path = Assets.xcassets; sourceTree = "<group>"; };
		D4A3A5D527F83B6500A1F70F /* Base */ = {isa = PBXFileReference; lastKnownFileType = file.storyboard; name = Base; path = Base.lproj/LaunchScreen.storyboard; sourceTree = "<group>"; };
		D4A3A5D727F83B6500A1F70F /* Info.plist */ = {isa = PBXFileReference; lastKnownFileType = text.plist.xml; path = Info.plist; sourceTree = "<group>"; };
		D4A3A5E627F83D9A00A1F70F /* SecondViewContorller.swift */ = {isa = PBXFileReference; lastKnownFileType = sourcecode.swift; path = SecondViewContorller.swift; sourceTree = "<group>"; };
		D4A3A5E827F83DF700A1F70F /* Storyboard.storyboard */ = {isa = PBXFileReference; lastKnownFileType = file.storyboard; path = Storyboard.storyboard; sourceTree = "<group>"; };
		D4A3A5F227F8664300A1F70F /* Simpson__Cell.swift */ = {isa = PBXFileReference; lastKnownFileType = sourcecode.swift; path = Simpson__Cell.swift; sourceTree = "<group>"; };
		D4A3A5F327F8664300A1F70F /* Simpson__Cell.xib */ = {isa = PBXFileReference; lastKnownFileType = file.xib; path = Simpson__Cell.xib; sourceTree = "<group>"; };
		D4A3A5F727F904B600A1F70F /* checkViewContoroller.swift */ = {isa = PBXFileReference; lastKnownFileType = sourcecode.swift; path = checkViewContoroller.swift; sourceTree = "<group>"; };
/* End PBXFileReference section */

/* Begin PBXFrameworksBuildPhase section */
		D4A3A5C327F83B6300A1F70F /* Frameworks */ = {
			isa = PBXFrameworksBuildPhase;
			buildActionMask = 2147483647;
			files = (
			);
			runOnlyForDeploymentPostprocessing = 0;
		};
/* End PBXFrameworksBuildPhase section */

/* Begin PBXGroup section */
		D4A3A5BD27F83B6300A1F70F = {
			isa = PBXGroup;
			children = (
				D4A3A5C827F83B6300A1F70F /* SimpsonBook */,
				D4A3A5C727F83B6300A1F70F /* Products */,
			);
			sourceTree = "<group>";
		};
		D4A3A5C727F83B6300A1F70F /* Products */ = {
			isa = PBXGroup;
			children = (
				D4A3A5C627F83B6300A1F70F /* SimpsonBook.app */,
			);
			name = Products;
			sourceTree = "<group>";
		};
		D4A3A5C827F83B6300A1F70F /* SimpsonBook */ = {
			isa = PBXGroup;
			children = (
				D4A3A5DD27F83BC400A1F70F /* SimpsonsCell */,
				D4A3A5CF27F83B6300A1F70F /* Main.storyboard */,
				D4A3A5CD27F83B6300A1F70F /* ViewController.swift */,
				D4A3A5E627F83D9A00A1F70F /* SecondViewContorller.swift */,
				D4A3A5E827F83DF700A1F70F /* Storyboard.storyboard */,
				D4A3A5F627F9048600A1F70F /* Extantion */,
				D4A3A5D227F83B6500A1F70F /* Assets.xcassets */,
				D4A3A5D727F83B6500A1F70F /* Info.plist */,
				D4A3A5C927F83B6300A1F70F /* AppDelegate.swift */,
				D4A3A5CB27F83B6300A1F70F /* SceneDelegate.swift */,
				D4A3A5D427F83B6500A1F70F /* LaunchScreen.storyboard */,
			);
			path = SimpsonBook;
			sourceTree = "<group>";
		};
		D4A3A5DD27F83BC400A1F70F /* SimpsonsCell */ = {
			isa = PBXGroup;
			children = (
				D4A3A5F227F8664300A1F70F /* Simpson__Cell.swift */,
				D4A3A5F327F8664300A1F70F /* Simpson__Cell.xib */,
			);
			path = SimpsonsCell;
			sourceTree = "<group>";
		};
		D4A3A5F627F9048600A1F70F /* Extantion */ = {
			isa = PBXGroup;
			children = (
				D4A3A5F727F904B600A1F70F /* checkViewContoroller.swift */,
			);
			path = Extantion;
			sourceTree = "<group>";
		};
/* End PBXGroup section */

/* Begin PBXNativeTarget section */
		D4A3A5C527F83B6300A1F70F /* SimpsonBook */ = {
			isa = PBXNativeTarget;
			buildConfigurationList = D4A3A5DA27F83B6500A1F70F /* Build configuration list for PBXNativeTarget "SimpsonBook" */;
			buildPhases = (
				D4A3A5C227F83B6300A1F70F /* Sources */,
				D4A3A5C327F83B6300A1F70F /* Frameworks */,
				D4A3A5C427F83B6300A1F70F /* Resources */,
			);
			buildRules = (
			);
			dependencies = (
			);
			name = SimpsonBook;
			productName = SimpsonBook;
			productReference = D4A3A5C627F83B6300A1F70F /* SimpsonBook.app */;
			productType = "com.apple.product-type.application";
		};
/* End PBXNativeTarget section */

/* Begin PBXProject section */
		D4A3A5BE27F83B6300A1F70F /* Project object */ = {
			isa = PBXProject;
			attributes = {
				BuildIndependentTargetsInParallel = 1;
				LastSwiftUpdateCheck = 1330;
				LastUpgradeCheck = 1330;
				TargetAttributes = {
					D4A3A5C527F83B6300A1F70F = {
						CreatedOnToolsVersion = 13.3;
					};
				};
			};
			buildConfigurationList = D4A3A5C127F83B6300A1F70F /* Build configuration list for PBXProject "SimpsonBook" */;
			compatibilityVersion = "Xcode 13.0";
			developmentRegion = en;
			hasScannedForEncodings = 0;
			knownRegions = (
				en,
				Base,
			);
			mainGroup = D4A3A5BD27F83B6300A1F70F;
			productRefGroup = D4A3A5C727F83B6300A1F70F /* Products */;
			projectDirPath = "";
			projectRoot = "";
			targets = (
				D4A3A5C527F83B6300A1F70F /* SimpsonBook */,
			);
		};
/* End PBXProject section */

/* Begin PBXResourcesBuildPhase section */
		D4A3A5C427F83B6300A1F70F /* Resources */ = {
			isa = PBXResourcesBuildPhase;
			buildActionMask = 2147483647;
			files = (
				D4A3A5D627F83B6500A1F70F /* LaunchScreen.storyboard in Resources */,
				D4A3A5F527F8664300A1F70F /* Simpson__Cell.xib in Resources */,
				D4A3A5E927F83DF700A1F70F /* Storyboard.storyboard in Resources */,
				D4A3A5D327F83B6500A1F70F /* Assets.xcassets in Resources */,
				D4A3A5D127F83B6300A1F70F /* Main.storyboard in Resources */,
			);
			runOnlyForDeploymentPostprocessing = 0;
		};
/* End PBXResourcesBuildPhase section */

/* Begin PBXSourcesBuildPhase section */
		D4A3A5C227F83B6300A1F70F /* Sources */ = {
			isa = PBXSourcesBuildPhase;
			buildActionMask = 2147483647;
			files = (
				D4A3A5E727F83D9A00A1F70F /* SecondViewContorller.swift in Sources */,
				D4A3A5F827F904B600A1F70F /* checkViewContoroller.swift in Sources */,
				D4A3A5CE27F83B6300A1F70F /* ViewController.swift in Sources */,
				D4A3A5F427F8664300A1F70F /* Simpson__Cell.swift in Sources */,
				D4A3A5CA27F83B6300A1F70F /* AppDelegate.swift in Sources */,
				D4A3A5CC27F83B6300A1F70F /* SceneDelegate.swift in Sources */,
			);
			runOnlyForDeploymentPostprocessing = 0;
		};
/* End PBXSourcesBuildPhase section */

/* Begin PBXVariantGroup section */
		D4A3A5CF27F83B6300A1F70F /* Main.storyboard */ = {
			isa = PBXVariantGroup;
			children = (
				D4A3A5D027F83B6300A1F70F /* Base */,
			);
			name = Main.storyboard;
			sourceTree = "<group>";
		};
		D4A3A5D427F83B6500A1F70F /* LaunchScreen.storyboard */ = {
			isa = PBXVariantGroup;
			children = (
				D4A3A5D527F83B6500A1F70F /* Base */,
			);
			name = LaunchScreen.storyboard;
			sourceTree = "<group>";
		};
/* End PBXVariantGroup section */

/* Begin XCBuildConfiguration section */
		D4A3A5D827F83B6500A1F70F /* Debug */ = {
			isa = XCBuildConfiguration;
			buildSettings = {
				ALWAYS_SEARCH_USER_PATHS = NO;
				CLANG_ANALYZER_NONNULL = YES;
				CLANG_ANALYZER_NUMBER_OBJECT_CONVERSION = YES_AGGRESSIVE;
				CLANG_CXX_LANGUAGE_STANDARD = "gnu++17";
				CLANG_ENABLE_MODULES = YES;
				CLANG_ENABLE_OBJC_ARC = YES;
				CLANG_ENABLE_OBJC_WEAK = YES;
				CLANG_WARN_BLOCK_CAPTURE_AUTORELEASING = YES;
				CLANG_WARN_BOOL_CONVERSION = YES;
				CLANG_WARN_COMMA = YES;
				CLANG_WARN_CONSTANT_CONVERSION = YES;
				CLANG_WARN_DEPRECATED_OBJC_IMPLEMENTATIONS = YES;
				CLANG_WARN_DIRECT_OBJC_ISA_USAGE = YES_ERROR;
				CLANG_WARN_DOCUMENTATION_COMMENTS = YES;
				CLANG_WARN_EMPTY_BODY = YES;
				CLANG_WARN_ENUM_CONVERSION = YES;
				CLANG_WARN_INFINITE_RECURSION = YES;
				CLANG_WARN_INT_CONVERSION = YES;
				CLANG_WARN_NON_LITERAL_NULL_CONVERSION = YES;
				CLANG_WARN_OBJC_IMPLICIT_RETAIN_SELF = YES;
				CLANG_WARN_OBJC_LITERAL_CONVERSION = YES;
				CLANG_WARN_OBJC_ROOT_CLASS = YES_ERROR;
				CLANG_WARN_QUOTED_INCLUDE_IN_FRAMEWORK_HEADER = YES;
				CLANG_WARN_RANGE_LOOP_ANALYSIS = YES;
				CLANG_WARN_STRICT_PROTOTYPES = YES;
				CLANG_WARN_SUSPICIOUS_MOVE = YES;
				CLANG_WARN_UNGUARDED_AVAILABILITY = YES_AGGRESSIVE;
				CLANG_WARN_UNREACHABLE_CODE = YES;
				CLANG_WARN__DUPLICATE_METHOD_MATCH = YES;
				COPY_PHASE_STRIP = NO;
				DEBUG_INFORMATION_FORMAT = dwarf;
				ENABLE_STRICT_OBJC_MSGSEND = YES;
				ENABLE_TESTABILITY = YES;
				GCC_C_LANGUAGE_STANDARD = gnu11;
				GCC_DYNAMIC_NO_PIC = NO;
				GCC_NO_COMMON_BLOCKS = YES;
				GCC_OPTIMIZATION_LEVEL = 0;
				GCC_PREPROCESSOR_DEFINITIONS = (
					"DEBUG=1",
					"$(inherited)",
				);
				GCC_WARN_64_TO_32_BIT_CONVERSION = YES;
				GCC_WARN_ABOUT_RETURN_TYPE = YES_ERROR;
				GCC_WARN_UNDECLARED_SELECTOR = YES;
				GCC_WARN_UNINITIALIZED_AUTOS = YES_AGGRESSIVE;
				GCC_WARN_UNUSED_FUNCTION = YES;
				GCC_WARN_UNUSED_VARIABLE = YES;
				IPHONEOS_DEPLOYMENT_TARGET = 15.4;
				MTL_ENABLE_DEBUG_INFO = INCLUDE_SOURCE;
				MTL_FAST_MATH = YES;
				ONLY_ACTIVE_ARCH = YES;
				SDKROOT = iphoneos;
				SWIFT_ACTIVE_COMPILATION_CONDITIONS = DEBUG;
				SWIFT_OPTIMIZATION_LEVEL = "-Onone";
			};
			name = Debug;
		};
		D4A3A5D927F83B6500A1F70F /* Release */ = {
			isa = XCBuildConfiguration;
			buildSettings = {
				ALWAYS_SEARCH_USER_PATHS = NO;
				CLANG_ANALYZER_NONNULL = YES;
				CLANG_ANALYZER_NUMBER_OBJECT_CONVERSION = YES_AGGRESSIVE;
				CLANG_CXX_LANGUAGE_STANDARD = "gnu++17";
				CLANG_ENABLE_MODULES = YES;
				CLANG_ENABLE_OBJC_ARC = YES;
				CLANG_ENABLE_OBJC_WEAK = YES;
				CLANG_WARN_BLOCK_CAPTURE_AUTORELEASING = YES;
				CLANG_WARN_BOOL_CONVERSION = YES;
				CLANG_WARN_COMMA = YES;
				CLANG_WARN_CONSTANT_CONVERSION = YES;
				CLANG_WARN_DEPRECATED_OBJC_IMPLEMENTATIONS = YES;
				CLANG_WARN_DIRECT_OBJC_ISA_USAGE = YES_ERROR;
				CLANG_WARN_DOCUMENTATION_COMMENTS = YES;
				CLANG_WARN_EMPTY_BODY = YES;
				CLANG_WARN_ENUM_CONVERSION = YES;
				CLANG_WARN_INFINITE_RECURSION = YES;
				CLANG_WARN_INT_CONVERSION = YES;
				CLANG_WARN_NON_LITERAL_NULL_CONVERSION = YES;
				CLANG_WARN_OBJC_IMPLICIT_RETAIN_SELF = YES;
				CLANG_WARN_OBJC_LITERAL_CONVERSION = YES;
				CLANG_WARN_OBJC_ROOT_CLASS = YES_ERROR;
				CLANG_WARN_QUOTED_INCLUDE_IN_FRAMEWORK_HEADER = YES;
				CLANG_WARN_RANGE_LOOP_ANALYSIS = YES;
				CLANG_WARN_STRICT_PROTOTYPES = YES;
				CLANG_WARN_SUSPICIOUS_MOVE = YES;
				CLANG_WARN_UNGUARDED_AVAILABILITY = YES_AGGRESSIVE;
				CLANG_WARN_UNREACHABLE_CODE = YES;
				CLANG_WARN__DUPLICATE_METHOD_MATCH = YES;
				COPY_PHASE_STRIP = NO;
				DEBUG_INFORMATION_FORMAT = "dwarf-with-dsym";
				ENABLE_NS_ASSERTIONS = NO;
				ENABLE_STRICT_OBJC_MSGSEND = YES;
				GCC_C_LANGUAGE_STANDARD = gnu11;
				GCC_NO_COMMON_BLOCKS = YES;
				GCC_WARN_64_TO_32_BIT_CONVERSION = YES;
				GCC_WARN_ABOUT_RETURN_TYPE = YES_ERROR;
				GCC_WARN_UNDECLARED_SELECTOR = YES;
				GCC_WARN_UNINITIALIZED_AUTOS = YES_AGGRESSIVE;
				GCC_WARN_UNUSED_FUNCTION = YES;
				GCC_WARN_UNUSED_VARIABLE = YES;
				IPHONEOS_DEPLOYMENT_TARGET = 15.4;
				MTL_ENABLE_DEBUG_INFO = NO;
				MTL_FAST_MATH = YES;
				SDKROOT = iphoneos;
				SWIFT_COMPILATION_MODE = wholemodule;
				SWIFT_OPTIMIZATION_LEVEL = "-O";
				VALIDATE_PRODUCT = YES;
			};
			name = Release;
		};
		D4A3A5DB27F83B6500A1F70F /* Debug */ = {
			isa = XCBuildConfiguration;
			buildSettings = {
				ASSETCATALOG_COMPILER_APPICON_NAME = AppIcon;
				ASSETCATALOG_COMPILER_GLOBAL_ACCENT_COLOR_NAME = AccentColor;
				CODE_SIGN_STYLE = Automatic;
				CURRENT_PROJECT_VERSION = 1;
				DEVELOPMENT_TEAM = ZUBBCB62N3;
				GENERATE_INFOPLIST_FILE = YES;
				INFOPLIST_FILE = SimpsonBook/Info.plist;
				INFOPLIST_KEY_UIApplicationSupportsIndirectInputEvents = YES;
				INFOPLIST_KEY_UILaunchStoryboardName = LaunchScreen;
				INFOPLIST_KEY_UIMainStoryboardFile = Main;
				INFOPLIST_KEY_UISupportedInterfaceOrientations_iPad = "UIInterfaceOrientationPortrait UIInterfaceOrientationPortraitUpsideDown UIInterfaceOrientationLandscapeLeft UIInterfaceOrientationLandscapeRight";
				INFOPLIST_KEY_UISupportedInterfaceOrientations_iPhone = "UIInterfaceOrientationPortrait UIInterfaceOrientationLandscapeLeft UIInterfaceOrientationLandscapeRight";
				LD_RUNPATH_SEARCH_PATHS = (
					"$(inherited)",
					"@executable_path/Frameworks",
				);
				MARKETING_VERSION = 1.0;
				PRODUCT_BUNDLE_IDENTIFIER = com.salihkir.SimpsonBook;
				PRODUCT_NAME = "$(TARGET_NAME)";
				SWIFT_EMIT_LOC_STRINGS = YES;
				SWIFT_VERSION = 5.0;
				TARGETED_DEVICE_FAMILY = "1,2";
			};
			name = Debug;
		};
		D4A3A5DC27F83B6500A1F70F /* Release */ = {
			isa = XCBuildConfiguration;
			buildSettings = {
				ASSETCATALOG_COMPILER_APPICON_NAME = AppIcon;
				ASSETCATALOG_COMPILER_GLOBAL_ACCENT_COLOR_NAME = AccentColor;
				CODE_SIGN_STYLE = Automatic;
				CURRENT_PROJECT_VERSION = 1;
				DEVELOPMENT_TEAM = ZUBBCB62N3;
				GENERATE_INFOPLIST_FILE = YES;
				INFOPLIST_FILE = SimpsonBook/Info.plist;
				INFOPLIST_KEY_UIApplicationSupportsIndirectInputEvents = YES;
				INFOPLIST_KEY_UILaunchStoryboardName = LaunchScreen;
				INFOPLIST_KEY_UIMainStoryboardFile = Main;
				INFOPLIST_KEY_UISupportedInterfaceOrientations_iPad = "UIInterfaceOrientationPortrait UIInterfaceOrientationPortraitUpsideDown UIInterfaceOrientationLandscapeLeft UIInterfaceOrientationLandscapeRight";
				INFOPLIST_KEY_UISupportedInterfaceOrientations_iPhone = "UIInterfaceOrientationPortrait UIInterfaceOrientationLandscapeLeft UIInterfaceOrientationLandscapeRight";
				LD_RUNPATH_SEARCH_PATHS = (
					"$(inherited)",
					"@executable_path/Frameworks",
				);
				MARKETING_VERSION = 1.0;
				PRODUCT_BUNDLE_IDENTIFIER = com.salihkir.SimpsonBook;
				PRODUCT_NAME = "$(TARGET_NAME)";
				SWIFT_EMIT_LOC_STRINGS = YES;
				SWIFT_VERSION = 5.0;
				TARGETED_DEVICE_FAMILY = "1,2";
			};
			name = Release;
		};
/* End XCBuildConfiguration section */

/* Begin XCConfigurationList section */
		D4A3A5C127F83B6300A1F70F /* Build configuration list for PBXProject "SimpsonBook" */ = {
			isa = XCConfigurationList;
			buildConfigurations = (
				D4A3A5D827F83B6500A1F70F /* Debug */,
				D4A3A5D927F83B6500A1F70F /* Release */,
			);
			defaultConfigurationIsVisible = 0;
			defaultConfigurationName = Release;
		};
		D4A3A5DA27F83B6500A1F70F /* Build configuration list for PBXNativeTarget "SimpsonBook" */ = {
			isa = XCConfigurationList;
			buildConfigurations = (
				D4A3A5DB27F83B6500A1F70F /* Debug */,
				D4A3A5DC27F83B6500A1F70F /* Release */,
			);
			defaultConfigurationIsVisible = 0;
			defaultConfigurationName = Release;
		};
/* End XCConfigurationList section */
	};
	rootObject = D4A3A5BE27F83B6300A1F70F /* Project object */;
}
